
Microsoft Visual Studio Solution File, Format Version 12.00
# Visual Studio Version 17
VisualStudioVersion = 17.5.33627.172
MinimumVisualStudioVersion = 10.0.40219.1
Project("{FAE04EC0-301F-11D3-BF4B-00C04F79EFBC}") = "magazinzadrdomlubimciViktor5", "magazinzadrdomlubimciViktor5\magazinzadrdomlubimciViktor5.csproj", "{6DA8867E-4E4D-4906-8829-426FA9F05662}"
EndProject
Global
	GlobalSection(SolutionConfigurationPlatforms) = preSolution
		Debug|Any CPU = Debug|Any CPU
		Release|Any CPU = Release|Any CPU
	EndGlobalSection
	GlobalSection(ProjectConfigurationPlatforms) = postSolution
		{6DA8867E-4E4D-4906-8829-426FA9F05662}.Debug|Any CPU.ActiveCfg = Debug|Any CPU
		{6DA8867E-4E4D-4906-8829-426FA9F05662}.Debug|Any CPU.Build.0 = Debug|Any CPU
		{6DA8867E-4E4D-4906-8829-426FA9F05662}.Release|Any CPU.ActiveCfg = Release|Any CPU
		{6DA8867E-4E4D-4906-8829-426FA9F05662}.Release|Any CPU.Build.0 = Release|Any CPU
	EndGlobalSection
	GlobalSection(SolutionProperties) = preSolution
		HideSolutionNode = FALSE
	EndGlobalSection
	GlobalSection(ExtensibilityGlobals) = postSolution
		SolutionGuid = {523C7FEA-A00D-4543-999F-1BA365C82505}
	EndGlobalSection
EndGlobal
